
Microsoft Visual Studio Solution File, Format Version 12.00
# Visual Studio Version 16
VisualStudioVersion = 16.0.31515.178
MinimumVisualStudioVersion = 10.0.40219.1
Project("{FAE04EC0-301F-11D3-BF4B-00C04F79EFBC}") = "project1", "project1\project1.csproj", "{8ED31C2C-E5EB-4821-BF72-78F555A3E96C}"
EndProject
Global
	GlobalSection(SolutionConfigurationPlatforms) = preSolution
		Debug|Any CPU = Debug|Any CPU
		Release|Any CPU = Release|Any CPU
	EndGlobalSection
	GlobalSection(ProjectConfigurationPlatforms) = postSolution
		{8ED31C2C-E5EB-4821-BF72-78F555A3E96C}.Debug|Any CPU.ActiveCfg = Debug|Any CPU
		{8ED31C2C-E5EB-4821-BF72-78F555A3E96C}.Debug|Any CPU.Build.0 = Debug|Any CPU
		{8ED31C2C-E5EB-4821-BF72-78F555A3E96C}.Release|Any CPU.ActiveCfg = Release|Any CPU
		{8ED31C2C-E5EB-4821-BF72-78F555A3E96C}.Release|Any CPU.Build.0 = Release|Any CPU
	EndGlobalSection
	GlobalSection(SolutionProperties) = preSolution
		HideSolutionNode = FALSE
	EndGlobalSection
	GlobalSection(ExtensibilityGlobals) = postSolution
		SolutionGuid = {EE26149A-31DE-4C05-855D-2345244A4E35}
	EndGlobalSection
EndGlobal
