
Microsoft Visual Studio Solution File, Format Version 12.00
# Visual Studio Version 16
VisualStudioVersion = 16.0.31515.178
MinimumVisualStudioVersion = 10.0.40219.1
Project("{FAE04EC0-301F-11D3-BF4B-00C04F79EFBC}") = "fibbonacci", "fibbonacci\fibbonacci.csproj", "{78909559-20F2-435F-B9E6-B6C164BB473B}"
EndProject
Global
	GlobalSection(SolutionConfigurationPlatforms) = preSolution
		Debug|Any CPU = Debug|Any CPU
		Release|Any CPU = Release|Any CPU
	EndGlobalSection
	GlobalSection(ProjectConfigurationPlatforms) = postSolution
		{78909559-20F2-435F-B9E6-B6C164BB473B}.Debug|Any CPU.ActiveCfg = Debug|Any CPU
		{78909559-20F2-435F-B9E6-B6C164BB473B}.Debug|Any CPU.Build.0 = Debug|Any CPU
		{78909559-20F2-435F-B9E6-B6C164BB473B}.Release|Any CPU.ActiveCfg = Release|Any CPU
		{78909559-20F2-435F-B9E6-B6C164BB473B}.Release|Any CPU.Build.0 = Release|Any CPU
	EndGlobalSection
	GlobalSection(SolutionProperties) = preSolution
		HideSolutionNode = FALSE
	EndGlobalSection
	GlobalSection(ExtensibilityGlobals) = postSolution
		SolutionGuid = {92E90B48-4F12-463C-A0B1-7DB85B8646AF}
	EndGlobalSection
EndGlobal
