
Microsoft Visual Studio Solution File, Format Version 12.00
# Visual Studio Version 16
VisualStudioVersion = 16.0.31515.178
MinimumVisualStudioVersion = 10.0.40219.1
Project("{FAE04EC0-301F-11D3-BF4B-00C04F79EFBC}") = "book", "book\book.csproj", "{B18D64F4-86DB-44C3-8F43-8871C2588770}"
EndProject
Global
	GlobalSection(SolutionConfigurationPlatforms) = preSolution
		Debug|Any CPU = Debug|Any CPU
		Release|Any CPU = Release|Any CPU
	EndGlobalSection
	GlobalSection(ProjectConfigurationPlatforms) = postSolution
		{B18D64F4-86DB-44C3-8F43-8871C2588770}.Debug|Any CPU.ActiveCfg = Debug|Any CPU
		{B18D64F4-86DB-44C3-8F43-8871C2588770}.Debug|Any CPU.Build.0 = Debug|Any CPU
		{B18D64F4-86DB-44C3-8F43-8871C2588770}.Release|Any CPU.ActiveCfg = Release|Any CPU
		{B18D64F4-86DB-44C3-8F43-8871C2588770}.Release|Any CPU.Build.0 = Release|Any CPU
	EndGlobalSection
	GlobalSection(SolutionProperties) = preSolution
		HideSolutionNode = FALSE
	EndGlobalSection
	GlobalSection(ExtensibilityGlobals) = postSolution
		SolutionGuid = {CF05272E-68DC-43CF-B0FF-D596F7761CE6}
	EndGlobalSection
EndGlobal
